
Microsoft Visual Studio Solution File, Format Version 12.00
# Visual Studio Version 17
VisualStudioVersion = 17.6.33712.159
MinimumVisualStudioVersion = 10.0.40219.1
Project("{FAE04EC0-301F-11D3-BF4B-00C04F79EFBC}") = "Rocky", "Rocky\Rocky.csproj", "{960908B1-DE2E-4FDB-BDE6-4805B7854742}"
EndProject
Global
	GlobalSection(SolutionConfigurationPlatforms) = preSolution
		Debug|Any CPU = Debug|Any CPU
		Release|Any CPU = Release|Any CPU
	EndGlobalSection
	GlobalSection(ProjectConfigurationPlatforms) = postSolution
		{960908B1-DE2E-4FDB-BDE6-4805B7854742}.Debug|Any CPU.ActiveCfg = Debug|Any CPU
		{960908B1-DE2E-4FDB-BDE6-4805B7854742}.Debug|Any CPU.Build.0 = Debug|Any CPU
		{960908B1-DE2E-4FDB-BDE6-4805B7854742}.Release|Any CPU.ActiveCfg = Release|Any CPU
		{960908B1-DE2E-4FDB-BDE6-4805B7854742}.Release|Any CPU.Build.0 = Release|Any CPU
	EndGlobalSection
	GlobalSection(SolutionProperties) = preSolution
		HideSolutionNode = FALSE
	EndGlobalSection
	GlobalSection(ExtensibilityGlobals) = postSolution
		SolutionGuid = {8E1FC3DD-8D3B-4BDB-AD9E-BA359B0F23FE}
	EndGlobalSection
EndGlobal
